{
  "lockfileVersion": 1,
  "configVersion": 1,
  "workspaces": {
    "": {
      "name": "EC-Code",
      "dependencies": {
        "@expressive-code/plugin-line-numbers": "^0.42.0",
        "@fontsource/maple-mono": "^5.2.6",
        "@shikijs/themes": "^1.29.2",
        "ec-lang-logo": "^1.0.5",
        "expressive-code": "^0.42.0",
      },
      "devDependencies": {
        "@expressive-code/plugin-collapsible-sections": "^0.42.0",
        "@expressive-code/plugin-frames": "^0.42.0",
        "@expressive-code/plugin-shiki": "^0.42.0",
        "glob": "^13.0.6",
        "hast-util-to-html": "^9.0.5",
        "rehype-expressive-code": "^0.42.0",
        "remark-parse": "^11.0.0",
        "remark-rehype": "^11.1.2",
        "unified": "^11.0.5",
        "unist-util-visit": "^5.1.0",
      },
    },
  },
  "packages": {
    "@ctrl/tinycolor": ["@ctrl/tinycolor@4.2.0", "https://registry.npmmirror.com/@ctrl/tinycolor/-/tinycolor-4.2.0.tgz", {}, "sha512-kzyuwOAQnXJNLS9PSyrk0CWk35nWJW/zl/6KvnTBMFK65gm7U1/Z5BqjxeapjZCIhQcM/DsrEmcbRwDyXyXK4A=="],

    "@expressive-code/core": ["@expressive-code/core@0.42.0", "https://registry.npmmirror.com/@expressive-code/core/-/core-0.42.0.tgz", { "dependencies": { "@ctrl/tinycolor": "^4.0.4", "hast-util-select": "^6.0.2", "hast-util-to-html": "^9.0.1", "hast-util-to-text": "^4.0.1", "hastscript": "^9.0.0", "postcss": "^8.4.38", "postcss-nested": "^6.0.1", "unist-util-visit": "^5.0.0", "unist-util-visit-parents": "^6.0.1" } }, "sha512-MN11+9nfmaC7sYu2BZJXAXqwkBRt8t1xTSqP+Ti1NfTEskgl6xUnzDxoaiQkg0BMzpglA0pys4dpDKquP/cyIw=="],

    "@expressive-code/plugin-collapsible-sections": ["@expressive-code/plugin-collapsible-sections@0.42.0", "https://registry.npmmirror.com/@expressive-code/plugin-collapsible-sections/-/plugin-collapsible-sections-0.42.0.tgz", { "dependencies": { "@expressive-code/core": "^0.42.0" } }, "sha512-HAksURXFxFmN/tuqIHvt8N47WVFTG7kYWZswJ1LMuts6496l9c7nBBRZCaTpce1dOLRrfGjKytWixqkgGWno8Q=="],

    "@expressive-code/plugin-frames": ["@expressive-code/plugin-frames@0.42.0", "https://registry.npmmirror.com/@expressive-code/plugin-frames/-/plugin-frames-0.42.0.tgz", { "dependencies": { "@expressive-code/core": "^0.42.0" } }, "sha512-XtkPm+941Uta7Y+81Acv+OA/20F1NJmJhCX6UYGKpqEIGqplNh3PTOhcURp6tcruhlzJcWcvpWy6Oigz3SrjqA=="],

    "@expressive-code/plugin-line-numbers": ["@expressive-code/plugin-line-numbers@0.42.0", "https://registry.npmmirror.com/@expressive-code/plugin-line-numbers/-/plugin-line-numbers-0.42.0.tgz", { "dependencies": { "@expressive-code/core": "^0.42.0" } }, "sha512-xY0s/b8UTF8fGrHWbJ8uX95yCDU1NpepXOTtcLBJobQV08RA7G+hzxL0BtDRso7RK4bCrJHio+BgYzI/M21BBA=="],

    "@expressive-code/plugin-shiki": ["@expressive-code/plugin-shiki@0.42.0", "https://registry.npmmirror.com/@expressive-code/plugin-shiki/-/plugin-shiki-0.42.0.tgz", { "dependencies": { "@expressive-code/core": "^0.42.0", "shiki": "^4.0.2" } }, "sha512-PMKey/kLmewttAHQezL+Y5Fx3vVssfDi3+FJOYQQS2mXP3tQspFELtKKAfsXfmSXdToZYgwoO69HJndqfE+09g=="],

    "@expressive-code/plugin-text-markers": ["@expressive-code/plugin-text-markers@0.42.0", "https://registry.npmmirror.com/@expressive-code/plugin-text-markers/-/plugin-text-markers-0.42.0.tgz", { "dependencies": { "@expressive-code/core": "^0.42.0" } }, "sha512-l59lUx8fq1v5g6SpmbDjiU0+7IdfbiWnAyRmtTVSpfhyq+nZMN4UcmYyu2b9Mynhzt7Gr+O+cXyEPDNb2AVWVQ=="],

    "@fontsource/maple-mono": ["@fontsource/maple-mono@5.2.6", "https://registry.npmmirror.com/@fontsource/maple-mono/-/maple-mono-5.2.6.tgz", {}, "sha512-+VAD7z8nyTkaiz2/Ww639Z5Kp/YJIL4dNMQxydqSMafNb5nKxFeoRq6W3g9WJ04IcBjdBmn0dKFNk90lyz7K+w=="],

    "@shikijs/core": ["@shikijs/core@4.2.0", "https://registry.npmmirror.com/@shikijs/core/-/core-4.2.0.tgz", { "dependencies": { "@shikijs/primitive": "4.2.0", "@shikijs/types": "4.2.0", "@shikijs/vscode-textmate": "^10.0.2", "@types/hast": "^3.0.4", "hast-util-to-html": "^9.0.5" } }, "sha512-Hc87Ab1Ld/vEbZRCbwx344I5v+4RU8CVToUTRkqXL1+TjbuOp9U5Xa0M23V4GEWHxVn+yO5otb+HkQVm3ptWQQ=="],

    "@shikijs/engine-javascript": ["@shikijs/engine-javascript@4.2.0", "https://registry.npmmirror.com/@shikijs/engine-javascript/-/engine-javascript-4.2.0.tgz", { "dependencies": { "@shikijs/types": "4.2.0", "@shikijs/vscode-textmate": "^10.0.2", "oniguruma-to-es": "^4.3.6" } }, "sha512-fjETeq1k5ffyXqRgS6+3hpvqseLalp1kjNfRbXpUgWR8FpZ1CmQfiNHovc5lncYjt/Vg5JK/WJEmLahjwMa0og=="],

    "@shikijs/engine-oniguruma": ["@shikijs/engine-oniguruma@4.2.0", "https://registry.npmmirror.com/@shikijs/engine-oniguruma/-/engine-oniguruma-4.2.0.tgz", { "dependencies": { "@shikijs/types": "4.2.0", "@shikijs/vscode-textmate": "^10.0.2" } }, "sha512-hTorK1dffPkpbMUk6Z+828PgRo7d07HbnizoP0hNPFjhxMHctj0Px/qoHeGMYafc6ju+u9iMldN4JbVzNQM++g=="],

    "@shikijs/langs": ["@shikijs/langs@4.2.0", "https://registry.npmmirror.com/@shikijs/langs/-/langs-4.2.0.tgz", { "dependencies": { "@shikijs/types": "4.2.0" } }, "sha512-bwrVRlJ0wUhZxAbVdvBbv2TTC9yLsh4C/IO5Ofz0T8MQntgDvyVnkbjw9vi50r1kx7RCIJdnJnjZAwmAsXFLZQ=="],

    "@shikijs/primitive": ["@shikijs/primitive@4.2.0", "https://registry.npmmirror.com/@shikijs/primitive/-/primitive-4.2.0.tgz", { "dependencies": { "@shikijs/types": "4.2.0", "@shikijs/vscode-textmate": "^10.0.2", "@types/hast": "^3.0.4" } }, "sha512-NOq+DtUkVBJtZMVXL5A0vI0Xk8nvDYaXetFHSJFlOqjDZIVhIPRYFdGkSoElDqNuegikcc3A76SNUa8dTqtAYA=="],

    "@shikijs/themes": ["@shikijs/themes@1.29.2", "https://registry.npmmirror.com/@shikijs/themes/-/themes-1.29.2.tgz", { "dependencies": { "@shikijs/types": "1.29.2" } }, "sha512-i9TNZlsq4uoyqSbluIcZkmPL9Bfi3djVxRnofUHwvx/h6SRW3cwgBC5SML7vsDcWyukY0eCzVN980rqP6qNl9g=="],

    "@shikijs/types": ["@shikijs/types@1.29.2", "https://registry.npmmirror.com/@shikijs/types/-/types-1.29.2.tgz", { "dependencies": { "@shikijs/vscode-textmate": "^10.0.1", "@types/hast": "^3.0.4" } }, "sha512-VJjK0eIijTZf0QSTODEXCqinjBn0joAHQ+aPSBzrv4O2d/QSbsMw+ZeSRx03kV34Hy7NzUvV/7NqfYGRLrASmw=="],

    "@shikijs/vscode-textmate": ["@shikijs/vscode-textmate@10.0.2", "https://registry.npmmirror.com/@shikijs/vscode-textmate/-/vscode-textmate-10.0.2.tgz", {}, "sha512-83yeghZ2xxin3Nj8z1NMd/NCuca+gsYXswywDy5bHvwlWL8tpTQmzGeUuHd9FC3E/SBEMvzJRwWEOz5gGes9Qg=="],

    "@types/debug": ["@types/debug@4.1.13", "https://registry.npmmirror.com/@types/debug/-/debug-4.1.13.tgz", { "dependencies": { "@types/ms": "*" } }, "sha512-KSVgmQmzMwPlmtljOomayoR89W4FynCAi3E8PPs7vmDVPe84hT+vGPKkJfThkmXs0x0jAaa9U8uW8bbfyS2fWw=="],

    "@types/hast": ["@types/hast@3.0.4", "https://registry.npmmirror.com/@types/hast/-/hast-3.0.4.tgz", { "dependencies": { "@types/unist": "*" } }, "sha512-WPs+bbQw5aCj+x6laNGWLH3wviHtoCv/P3+otBhbOhJgG8qtpdAMlTCxLtsTWA7LH1Oh/bFCHsBn0TPS5m30EQ=="],

    "@types/mdast": ["@types/mdast@4.0.4", "https://registry.npmmirror.com/@types/mdast/-/mdast-4.0.4.tgz", { "dependencies": { "@types/unist": "*" } }, "sha512-kGaNbPh1k7AFzgpud/gMdvIm5xuECykRR+JnWKQno9TAXVa6WIVCGTPvYGekIDL4uwCZQSYbUxNBSb1aUo79oA=="],

    "@types/ms": ["@types/ms@2.1.0", "https://registry.npmmirror.com/@types/ms/-/ms-2.1.0.tgz", {}, "sha512-GsCCIZDE/p3i96vtEqx+7dBUGXrc7zeSK3wwPHIaRThS+9OhWIXRqzs4d6k1SVU8g91DrNRWxWUGhp5KXQb2VA=="],

    "@types/unist": ["@types/unist@3.0.3", "https://registry.npmmirror.com/@types/unist/-/unist-3.0.3.tgz", {}, "sha512-ko/gIFJRv177XgZsZcBwnqJN5x/Gien8qNOn0D5bQU/zAzVf9Zt3BlcUiLqhV9y4ARk0GbT3tnUiPNgnTXzc/Q=="],

    "@ungap/structured-clone": ["@ungap/structured-clone@1.3.1", "https://registry.npmmirror.com/@ungap/structured-clone/-/structured-clone-1.3.1.tgz", {}, "sha512-mUFwbeTqrVgDQxFveS+df2yfap6iuP20NAKAsBt5jDEoOTDew+zwLAOilHCeQJOVSvmgCX4ogqIrA0mnyr08yQ=="],

    "bail": ["bail@2.0.2", "https://registry.npmmirror.com/bail/-/bail-2.0.2.tgz", {}, "sha512-0xO6mYd7JB2YesxDKplafRpsiOzPt9V02ddPCLbY1xYGPOX24NTyN50qnUxgCPcSoYMhKpAuBTjQoRZCAkUDRw=="],

    "balanced-match": ["balanced-match@4.0.4", "https://registry.npmmirror.com/balanced-match/-/balanced-match-4.0.4.tgz", {}, "sha512-BLrgEcRTwX2o6gGxGOCNyMvGSp35YofuYzw9h1IMTRmKqttAZZVU67bdb9Pr2vUHA8+j3i2tJfjO6C6+4myGTA=="],

    "bcp-47-match": ["bcp-47-match@2.0.3", "https://registry.npmmirror.com/bcp-47-match/-/bcp-47-match-2.0.3.tgz", {}, "sha512-JtTezzbAibu8G0R9op9zb3vcWZd9JF6M0xOYGPn0fNCd7wOpRB1mU2mH9T8gaBGbAAyIIVgB2G7xG0GP98zMAQ=="],

    "boolbase": ["boolbase@1.0.0", "https://registry.npmmirror.com/boolbase/-/boolbase-1.0.0.tgz", {}, "sha512-JZOSA7Mo9sNGB8+UjSgzdLtokWAky1zbztM3WRLCbZ70/3cTANmQmOdR7y2g+J0e2WXywy1yS468tY+IruqEww=="],

    "brace-expansion": ["brace-expansion@5.0.6", "https://registry.npmmirror.com/brace-expansion/-/brace-expansion-5.0.6.tgz", { "dependencies": { "balanced-match": "^4.0.2" } }, "sha512-kLpxurY4Z4r9sgMsyG0Z9uzsBlgiU/EFKhj/h91/8yHu0edo7XuixOIH3VcJ8kkxs6/jPzoI6U9Vj3WqbMQ94g=="],

    "ccount": ["ccount@2.0.1", "https://registry.npmmirror.com/ccount/-/ccount-2.0.1.tgz", {}, "sha512-eyrF0jiFpY+3drT6383f1qhkbGsLSifNAjA61IUjZjmLCWjItY6LB9ft9YhoDgwfmclB2zhu51Lc7+95b8NRAg=="],

    "character-entities": ["character-entities@2.0.2", "https://registry.npmmirror.com/character-entities/-/character-entities-2.0.2.tgz", {}, "sha512-shx7oQ0Awen/BRIdkjkvz54PnEEI/EjwXDSIZp86/KKdbafHh1Df/RYGBhn4hbe2+uKC9FnT5UCEdyPz3ai9hQ=="],

    "character-entities-html4": ["character-entities-html4@2.1.0", "https://registry.npmmirror.com/character-entities-html4/-/character-entities-html4-2.1.0.tgz", {}, "sha512-1v7fgQRj6hnSwFpq1Eu0ynr/CDEw0rXo2B61qXrLNdHZmPKgb7fqS1a2JwF0rISo9q77jDI8VMEHoApn8qDoZA=="],

    "character-entities-legacy": ["character-entities-legacy@3.0.0", "https://registry.npmmirror.com/character-entities-legacy/-/character-entities-legacy-3.0.0.tgz", {}, "sha512-RpPp0asT/6ufRm//AJVwpViZbGM/MkjQFxJccQRHmISF/22NBtsHqAWmL+/pmkPWoIUJdWyeVleTl1wydHATVQ=="],

    "comma-separated-tokens": ["comma-separated-tokens@2.0.3", "https://registry.npmmirror.com/comma-separated-tokens/-/comma-separated-tokens-2.0.3.tgz", {}, "sha512-Fu4hJdvzeylCfQPp9SGWidpzrMs7tTrlu6Vb8XGaRGck8QSNZJJp538Wrb60Lax4fPwR64ViY468OIUTbRlGZg=="],

    "css-selector-parser": ["css-selector-parser@3.3.0", "https://registry.npmmirror.com/css-selector-parser/-/css-selector-parser-3.3.0.tgz", {}, "sha512-Y2asgMGFqJKF4fq4xHDSlFYIkeVfRsm69lQC1q9kbEsH5XtnINTMrweLkjYMeaUgiXBy/uvKeO/a1JHTNnmB2g=="],

    "cssesc": ["cssesc@3.0.0", "https://registry.npmmirror.com/cssesc/-/cssesc-3.0.0.tgz", { "bin": { "cssesc": "bin/cssesc" } }, "sha512-/Tb/JcjK111nNScGob5MNtsntNM1aCNUDipB/TkwZFhyDrrE47SOx/18wF2bbjgc3ZzCSKW1T5nt5EbFoAz/Vg=="],

    "debug": ["debug@4.4.3", "https://registry.npmmirror.com/debug/-/debug-4.4.3.tgz", { "dependencies": { "ms": "^2.1.3" }, "peerDependencies": { "supports-color": "*" }, "optionalPeers": ["supports-color"] }, "sha512-RGwwWnwQvkVfavKVt22FGLw+xYSdzARwm0ru6DhTVA3umU5hZc28V3kO4stgYryrTlLpuvgI9GiijltAjNbcqA=="],

    "decode-named-character-reference": ["decode-named-character-reference@1.3.0", "https://registry.npmmirror.com/decode-named-character-reference/-/decode-named-character-reference-1.3.0.tgz", { "dependencies": { "character-entities": "^2.0.0" } }, "sha512-GtpQYB283KrPp6nRw50q3U9/VfOutZOe103qlN7BPP6Ad27xYnOIWv4lPzo8HCAL+mMZofJ9KEy30fq6MfaK6Q=="],

    "dequal": ["dequal@2.0.3", "https://registry.npmmirror.com/dequal/-/dequal-2.0.3.tgz", {}, "sha512-0je+qPKHEMohvfRTCEo3CrPG6cAzAYgmzKyxRiYSSDkS6eGJdyVJm7WaYA5ECaAD9wLB2T4EEeymA5aFVcYXCA=="],

    "devlop": ["devlop@1.1.0", "https://registry.npmmirror.com/devlop/-/devlop-1.1.0.tgz", { "dependencies": { "dequal": "^2.0.0" } }, "sha512-RWmIqhcFf1lRYBvNmr7qTNuyCt/7/ns2jbpp1+PalgE/rDQcBT0fioSMUpJ93irlUhC5hrg4cYqe6U+0ImW0rA=="],

    "direction": ["direction@2.0.1", "https://registry.npmmirror.com/direction/-/direction-2.0.1.tgz", { "bin": { "direction": "cli.js" } }, "sha512-9S6m9Sukh1cZNknO1CWAr2QAWsbKLafQiyM5gZ7VgXHeuaoUwffKN4q6NC4A/Mf9iiPlOXQEKW/Mv/mh9/3YFA=="],

    "ec-lang-logo": ["ec-lang-logo@1.0.5", "https://registry.npmmirror.com/ec-lang-logo/-/ec-lang-logo-1.0.5.tgz", { "dependencies": { "simple-icons": "^16.10.0" }, "peerDependencies": { "@expressive-code/core": "^0.41.3" } }, "sha512-sVtaIyeaaefRp+GzYqPbyjIILNgW/QV5O3hWtrVoluwhT+2frV9sXLmPRb32bKQH6lkkgooEypfGGdYKmIK1KQ=="],

    "expressive-code": ["expressive-code@0.42.0", "https://registry.npmmirror.com/expressive-code/-/expressive-code-0.42.0.tgz", { "dependencies": { "@expressive-code/core": "^0.42.0", "@expressive-code/plugin-frames": "^0.42.0", "@expressive-code/plugin-shiki": "^0.42.0", "@expressive-code/plugin-text-markers": "^0.42.0" } }, "sha512-V5DtJLEKuj4wf9O6IRtPtRObkMVy2ggR+S0MdjrTw6m58krZnDioyhW1si3Y04c5YPeooP4nd85Yq9NwEVHS4g=="],

    "extend": ["extend@3.0.2", "https://registry.npmmirror.com/extend/-/extend-3.0.2.tgz", {}, "sha512-fjquC59cD7CyW6urNXK0FBufkZcoiGG80wTuPujX590cB5Ttln20E2UB4S/WARVqhXffZl2LNgS+gQdPIIim/g=="],

    "glob": ["glob@13.0.6", "https://registry.npmmirror.com/glob/-/glob-13.0.6.tgz", { "dependencies": { "minimatch": "^10.2.2", "minipass": "^7.1.3", "path-scurry": "^2.0.2" } }, "sha512-Wjlyrolmm8uDpm/ogGyXZXb1Z+Ca2B8NbJwqBVg0axK9GbBeoS7yGV6vjXnYdGm6X53iehEuxxbyiKp8QmN4Vw=="],

    "hast-util-has-property": ["hast-util-has-property@3.0.0", "https://registry.npmmirror.com/hast-util-has-property/-/hast-util-has-property-3.0.0.tgz", { "dependencies": { "@types/hast": "^3.0.0" } }, "sha512-MNilsvEKLFpV604hwfhVStK0usFY/QmM5zX16bo7EjnAEGofr5YyI37kzopBlZJkHD4t887i+q/C8/tr5Q94cA=="],

    "hast-util-is-element": ["hast-util-is-element@3.0.0", "https://registry.npmmirror.com/hast-util-is-element/-/hast-util-is-element-3.0.0.tgz", { "dependencies": { "@types/hast": "^3.0.0" } }, "sha512-Val9mnv2IWpLbNPqc/pUem+a7Ipj2aHacCwgNfTiK0vJKl0LF+4Ba4+v1oPHFpf3bLYmreq0/l3Gud9S5OH42g=="],

    "hast-util-parse-selector": ["hast-util-parse-selector@4.0.0", "https://registry.npmmirror.com/hast-util-parse-selector/-/hast-util-parse-selector-4.0.0.tgz", { "dependencies": { "@types/hast": "^3.0.0" } }, "sha512-wkQCkSYoOGCRKERFWcxMVMOcYE2K1AaNLU8DXS9arxnLOUEWbOXKXiJUNzEpqZ3JOKpnha3jkFrumEjVliDe7A=="],

    "hast-util-select": ["hast-util-select@6.0.4", "https://registry.npmmirror.com/hast-util-select/-/hast-util-select-6.0.4.tgz", { "dependencies": { "@types/hast": "^3.0.0", "@types/unist": "^3.0.0", "bcp-47-match": "^2.0.0", "comma-separated-tokens": "^2.0.0", "css-selector-parser": "^3.0.0", "devlop": "^1.0.0", "direction": "^2.0.0", "hast-util-has-property": "^3.0.0", "hast-util-to-string": "^3.0.0", "hast-util-whitespace": "^3.0.0", "nth-check": "^2.0.0", "property-information": "^7.0.0", "space-separated-tokens": "^2.0.0", "unist-util-visit": "^5.0.0", "zwitch": "^2.0.0" } }, "sha512-RqGS1ZgI0MwxLaKLDxjprynNzINEkRHY2i8ln4DDjgv9ZhcYVIHN9rlpiYsqtFwrgpYU361SyWDQcGNIBVu3lw=="],

    "hast-util-to-html": ["hast-util-to-html@9.0.5", "https://registry.npmmirror.com/hast-util-to-html/-/hast-util-to-html-9.0.5.tgz", { "dependencies": { "@types/hast": "^3.0.0", "@types/unist": "^3.0.0", "ccount": "^2.0.0", "comma-separated-tokens": "^2.0.0", "hast-util-whitespace": "^3.0.0", "html-void-elements": "^3.0.0", "mdast-util-to-hast": "^13.0.0", "property-information": "^7.0.0", "space-separated-tokens": "^2.0.0", "stringify-entities": "^4.0.0", "zwitch": "^2.0.4" } }, "sha512-OguPdidb+fbHQSU4Q4ZiLKnzWo8Wwsf5bZfbvu7//a9oTYoqD/fWpe96NuHkoS9h0ccGOTe0C4NGXdtS0iObOw=="],

    "hast-util-to-string": ["hast-util-to-string@3.0.1", "https://registry.npmmirror.com/hast-util-to-string/-/hast-util-to-string-3.0.1.tgz", { "dependencies": { "@types/hast": "^3.0.0" } }, "sha512-XelQVTDWvqcl3axRfI0xSeoVKzyIFPwsAGSLIsKdJKQMXDYJS4WYrBNF/8J7RdhIcFI2BOHgAifggsvsxp/3+A=="],

    "hast-util-to-text": ["hast-util-to-text@4.0.2", "https://registry.npmmirror.com/hast-util-to-text/-/hast-util-to-text-4.0.2.tgz", { "dependencies": { "@types/hast": "^3.0.0", "@types/unist": "^3.0.0", "hast-util-is-element": "^3.0.0", "unist-util-find-after": "^5.0.0" } }, "sha512-KK6y/BN8lbaq654j7JgBydev7wuNMcID54lkRav1P0CaE1e47P72AWWPiGKXTJU271ooYzcvTAn/Zt0REnvc7A=="],

    "hast-util-whitespace": ["hast-util-whitespace@3.0.0", "https://registry.npmmirror.com/hast-util-whitespace/-/hast-util-whitespace-3.0.0.tgz", { "dependencies": { "@types/hast": "^3.0.0" } }, "sha512-88JUN06ipLwsnv+dVn+OIYOvAuvBMy/Qoi6O7mQHxdPXpjy+Cd6xRkWwux7DKO+4sYILtLBRIKgsdpS2gQc7qw=="],

    "hastscript": ["hastscript@9.0.1", "https://registry.npmmirror.com/hastscript/-/hastscript-9.0.1.tgz", { "dependencies": { "@types/hast": "^3.0.0", "comma-separated-tokens": "^2.0.0", "hast-util-parse-selector": "^4.0.0", "property-information": "^7.0.0", "space-separated-tokens": "^2.0.0" } }, "sha512-g7df9rMFX/SPi34tyGCyUBREQoKkapwdY/T04Qn9TDWfHhAYt4/I0gMVirzK5wEzeUqIjEB+LXC/ypb7Aqno5w=="],

    "html-void-elements": ["html-void-elements@3.0.0", "https://registry.npmmirror.com/html-void-elements/-/html-void-elements-3.0.0.tgz", {}, "sha512-bEqo66MRXsUGxWHV5IP0PUiAWwoEjba4VCzg0LjFJBpchPaTfyfCKTG6bc5F8ucKec3q5y6qOdGyYTSBEvhCrg=="],

    "is-plain-obj": ["is-plain-obj@4.1.0", "https://registry.npmmirror.com/is-plain-obj/-/is-plain-obj-4.1.0.tgz", {}, "sha512-+Pgi+vMuUNkJyExiMBt5IlFoMyKnr5zhJ4Uspz58WOhBF5QoIZkFyNHIbBAtHwzVAgk5RtndVNsDRN61/mmDqg=="],

    "lru-cache": ["lru-cache@11.5.1", "https://registry.npmmirror.com/lru-cache/-/lru-cache-11.5.1.tgz", {}, "sha512-RPimw/7aMdv2oqRrxKwvZXcPfwBrn/JZ2xYcY9Hus/6LaS3VOAKVWKWgNLCFSiOm1ESXinjsDlidVU7JlnCN2A=="],

    "mdast-util-from-markdown": ["mdast-util-from-markdown@2.0.3", "https://registry.npmmirror.com/mdast-util-from-markdown/-/mdast-util-from-markdown-2.0.3.tgz", { "dependencies": { "@types/mdast": "^4.0.0", "@types/unist": "^3.0.0", "decode-named-character-reference": "^1.0.0", "devlop": "^1.0.0", "mdast-util-to-string": "^4.0.0", "micromark": "^4.0.0", "micromark-util-decode-numeric-character-reference": "^2.0.0", "micromark-util-decode-string": "^2.0.0", "micromark-util-normalize-identifier": "^2.0.0", "micromark-util-symbol": "^2.0.0", "micromark-util-types": "^2.0.0", "unist-util-stringify-position": "^4.0.0" } }, "sha512-W4mAWTvSlKvf8L6J+VN9yLSqQ9AOAAvHuoDAmPkz4dHf553m5gVj2ejadHJhoJmcmxEnOv6Pa8XJhpxE93kb8Q=="],

    "mdast-util-to-hast": ["mdast-util-to-hast@13.2.1", "https://registry.npmmirror.com/mdast-util-to-hast/-/mdast-util-to-hast-13.2.1.tgz", { "dependencies": { "@types/hast": "^3.0.0", "@types/mdast": "^4.0.0", "@ungap/structured-clone": "^1.0.0", "devlop": "^1.0.0", "micromark-util-sanitize-uri": "^2.0.0", "trim-lines": "^3.0.0", "unist-util-position": "^5.0.0", "unist-util-visit": "^5.0.0", "vfile": "^6.0.0" } }, "sha512-cctsq2wp5vTsLIcaymblUriiTcZd0CwWtCbLvrOzYCDZoWyMNV8sZ7krj09FSnsiJi3WVsHLM4k6Dq/yaPyCXA=="],

    "mdast-util-to-string": ["mdast-util-to-string@4.0.0", "https://registry.npmmirror.com/mdast-util-to-string/-/mdast-util-to-string-4.0.0.tgz", { "dependencies": { "@types/mdast": "^4.0.0" } }, "sha512-0H44vDimn51F0YwvxSJSm0eCDOJTRlmN0R1yBh4HLj9wiV1Dn0QoXGbvFAWj2hSItVTlCmBF1hqKlIyUBVFLPg=="],

    "micromark": ["micromark@4.0.2", "https://registry.npmmirror.com/micromark/-/micromark-4.0.2.tgz", { "dependencies": { "@types/debug": "^4.0.0", "debug": "^4.0.0", "decode-named-character-reference": "^1.0.0", "devlop": "^1.0.0", "micromark-core-commonmark": "^2.0.0", "micromark-factory-space": "^2.0.0", "micromark-util-character": "^2.0.0", "micromark-util-chunked": "^2.0.0", "micromark-util-combine-extensions": "^2.0.0", "micromark-util-decode-numeric-character-reference": "^2.0.0", "micromark-util-encode": "^2.0.0", "micromark-util-normalize-identifier": "^2.0.0", "micromark-util-resolve-all": "^2.0.0", "micromark-util-sanitize-uri": "^2.0.0", "micromark-util-subtokenize": "^2.0.0", "micromark-util-symbol": "^2.0.0", "micromark-util-types": "^2.0.0" } }, "sha512-zpe98Q6kvavpCr1NPVSCMebCKfD7CA2NqZ+rykeNhONIJBpc1tFKt9hucLGwha3jNTNI8lHpctWJWoimVF4PfA=="],

    "micromark-core-commonmark": ["micromark-core-commonmark@2.0.3", "https://registry.npmmirror.com/micromark-core-commonmark/-/micromark-core-commonmark-2.0.3.tgz", { "dependencies": { "decode-named-character-reference": "^1.0.0", "devlop": "^1.0.0", "micromark-factory-destination": "^2.0.0", "micromark-factory-label": "^2.0.0", "micromark-factory-space": "^2.0.0", "micromark-factory-title": "^2.0.0", "micromark-factory-whitespace": "^2.0.0", "micromark-util-character": "^2.0.0", "micromark-util-chunked": "^2.0.0", "micromark-util-classify-character": "^2.0.0", "micromark-util-html-tag-name": "^2.0.0", "micromark-util-normalize-identifier": "^2.0.0", "micromark-util-resolve-all": "^2.0.0", "micromark-util-subtokenize": "^2.0.0", "micromark-util-symbol": "^2.0.0", "micromark-util-types": "^2.0.0" } }, "sha512-RDBrHEMSxVFLg6xvnXmb1Ayr2WzLAWjeSATAoxwKYJV94TeNavgoIdA0a9ytzDSVzBy2YKFK+emCPOEibLeCrg=="],

    "micromark-factory-destination": ["micromark-factory-destination@2.0.1", "https://registry.npmmirror.com/micromark-factory-destination/-/micromark-factory-destination-2.0.1.tgz", { "dependencies": { "micromark-util-character": "^2.0.0", "micromark-util-symbol": "^2.0.0", "micromark-util-types": "^2.0.0" } }, "sha512-Xe6rDdJlkmbFRExpTOmRj9N3MaWmbAgdpSrBQvCFqhezUn4AHqJHbaEnfbVYYiexVSs//tqOdY/DxhjdCiJnIA=="],

    "micromark-factory-label": ["micromark-factory-label@2.0.1", "https://registry.npmmirror.com/micromark-factory-label/-/micromark-factory-label-2.0.1.tgz", { "dependencies": { "devlop": "^1.0.0", "micromark-util-character": "^2.0.0", "micromark-util-symbol": "^2.0.0", "micromark-util-types": "^2.0.0" } }, "sha512-VFMekyQExqIW7xIChcXn4ok29YE3rnuyveW3wZQWWqF4Nv9Wk5rgJ99KzPvHjkmPXF93FXIbBp6YdW3t71/7Vg=="],

    "micromark-factory-space": ["micromark-factory-space@2.0.1", "https://registry.npmmirror.com/micromark-factory-space/-/micromark-factory-space-2.0.1.tgz", { "dependencies": { "micromark-util-character": "^2.0.0", "micromark-util-types": "^2.0.0" } }, "sha512-zRkxjtBxxLd2Sc0d+fbnEunsTj46SWXgXciZmHq0kDYGnck/ZSGj9/wULTV95uoeYiK5hRXP2mJ98Uo4cq/LQg=="],

    "micromark-factory-title": ["micromark-factory-title@2.0.1", "https://registry.npmmirror.com/micromark-factory-title/-/micromark-factory-title-2.0.1.tgz", { "dependencies": { "micromark-factory-space": "^2.0.0", "micromark-util-character": "^2.0.0", "micromark-util-symbol": "^2.0.0", "micromark-util-types": "^2.0.0" } }, "sha512-5bZ+3CjhAd9eChYTHsjy6TGxpOFSKgKKJPJxr293jTbfry2KDoWkhBb6TcPVB4NmzaPhMs1Frm9AZH7OD4Cjzw=="],

    "micromark-factory-whitespace": ["micromark-factory-whitespace@2.0.1", "https://registry.npmmirror.com/micromark-factory-whitespace/-/micromark-factory-whitespace-2.0.1.tgz", { "dependencies": { "micromark-factory-space": "^2.0.0", "micromark-util-character": "^2.0.0", "micromark-util-symbol": "^2.0.0", "micromark-util-types": "^2.0.0" } }, "sha512-Ob0nuZ3PKt/n0hORHyvoD9uZhr+Za8sFoP+OnMcnWK5lngSzALgQYKMr9RJVOWLqQYuyn6ulqGWSXdwf6F80lQ=="],

    "micromark-util-character": ["micromark-util-character@2.1.1", "https://registry.npmmirror.com/micromark-util-character/-/micromark-util-character-2.1.1.tgz", { "dependencies": { "micromark-util-symbol": "^2.0.0", "micromark-util-types": "^2.0.0" } }, "sha512-wv8tdUTJ3thSFFFJKtpYKOYiGP2+v96Hvk4Tu8KpCAsTMs6yi+nVmGh1syvSCsaxz45J6Jbw+9DD6g97+NV67Q=="],

    "micromark-util-chunked": ["micromark-util-chunked@2.0.1", "https://registry.npmmirror.com/micromark-util-chunked/-/micromark-util-chunked-2.0.1.tgz", { "dependencies": { "micromark-util-symbol": "^2.0.0" } }, "sha512-QUNFEOPELfmvv+4xiNg2sRYeS/P84pTW0TCgP5zc9FpXetHY0ab7SxKyAQCNCc1eK0459uoLI1y5oO5Vc1dbhA=="],

    "micromark-util-classify-character": ["micromark-util-classify-character@2.0.1", "https://registry.npmmirror.com/micromark-util-classify-character/-/micromark-util-classify-character-2.0.1.tgz", { "dependencies": { "micromark-util-character": "^2.0.0", "micromark-util-symbol": "^2.0.0", "micromark-util-types": "^2.0.0" } }, "sha512-K0kHzM6afW/MbeWYWLjoHQv1sgg2Q9EccHEDzSkxiP/EaagNzCm7T/WMKZ3rjMbvIpvBiZgwR3dKMygtA4mG1Q=="],

    "micromark-util-combine-extensions": ["micromark-util-combine-extensions@2.0.1", "https://registry.npmmirror.com/micromark-util-combine-extensions/-/micromark-util-combine-extensions-2.0.1.tgz", { "dependencies": { "micromark-util-chunked": "^2.0.0", "micromark-util-types": "^2.0.0" } }, "sha512-OnAnH8Ujmy59JcyZw8JSbK9cGpdVY44NKgSM7E9Eh7DiLS2E9RNQf0dONaGDzEG9yjEl5hcqeIsj4hfRkLH/Bg=="],

    "micromark-util-decode-numeric-character-reference": ["micromark-util-decode-numeric-character-reference@2.0.2", "https://registry.npmmirror.com/micromark-util-decode-numeric-character-reference/-/micromark-util-decode-numeric-character-reference-2.0.2.tgz", { "dependencies": { "micromark-util-symbol": "^2.0.0" } }, "sha512-ccUbYk6CwVdkmCQMyr64dXz42EfHGkPQlBj5p7YVGzq8I7CtjXZJrubAYezf7Rp+bjPseiROqe7G6foFd+lEuw=="],

    "micromark-util-decode-string": ["micromark-util-decode-string@2.0.1", "https://registry.npmmirror.com/micromark-util-decode-string/-/micromark-util-decode-string-2.0.1.tgz", { "dependencies": { "decode-named-character-reference": "^1.0.0", "micromark-util-character": "^2.0.0", "micromark-util-decode-numeric-character-reference": "^2.0.0", "micromark-util-symbol": "^2.0.0" } }, "sha512-nDV/77Fj6eH1ynwscYTOsbK7rR//Uj0bZXBwJZRfaLEJ1iGBR6kIfNmlNqaqJf649EP0F3NWNdeJi03elllNUQ=="],

    "micromark-util-encode": ["micromark-util-encode@2.0.1", "https://registry.npmmirror.com/micromark-util-encode/-/micromark-util-encode-2.0.1.tgz", {}, "sha512-c3cVx2y4KqUnwopcO9b/SCdo2O67LwJJ/UyqGfbigahfegL9myoEFoDYZgkT7f36T0bLrM9hZTAaAyH+PCAXjw=="],

    "micromark-util-html-tag-name": ["micromark-util-html-tag-name@2.0.1", "https://registry.npmmirror.com/micromark-util-html-tag-name/-/micromark-util-html-tag-name-2.0.1.tgz", {}, "sha512-2cNEiYDhCWKI+Gs9T0Tiysk136SnR13hhO8yW6BGNyhOC4qYFnwF1nKfD3HFAIXA5c45RrIG1ub11GiXeYd1xA=="],

    "micromark-util-normalize-identifier": ["micromark-util-normalize-identifier@2.0.1", "https://registry.npmmirror.com/micromark-util-normalize-identifier/-/micromark-util-normalize-identifier-2.0.1.tgz", { "dependencies": { "micromark-util-symbol": "^2.0.0" } }, "sha512-sxPqmo70LyARJs0w2UclACPUUEqltCkJ6PhKdMIDuJ3gSf/Q+/GIe3WKl0Ijb/GyH9lOpUkRAO2wp0GVkLvS9Q=="],

    "micromark-util-resolve-all": ["micromark-util-resolve-all@2.0.1", "https://registry.npmmirror.com/micromark-util-resolve-all/-/micromark-util-resolve-all-2.0.1.tgz", { "dependencies": { "micromark-util-types": "^2.0.0" } }, "sha512-VdQyxFWFT2/FGJgwQnJYbe1jjQoNTS4RjglmSjTUlpUMa95Htx9NHeYW4rGDJzbjvCsl9eLjMQwGeElsqmzcHg=="],

    "micromark-util-sanitize-uri": ["micromark-util-sanitize-uri@2.0.1", "https://registry.npmmirror.com/micromark-util-sanitize-uri/-/micromark-util-sanitize-uri-2.0.1.tgz", { "dependencies": { "micromark-util-character": "^2.0.0", "micromark-util-encode": "^2.0.0", "micromark-util-symbol": "^2.0.0" } }, "sha512-9N9IomZ/YuGGZZmQec1MbgxtlgougxTodVwDzzEouPKo3qFWvymFHWcnDi2vzV1ff6kas9ucW+o3yzJK9YB1AQ=="],

    "micromark-util-subtokenize": ["micromark-util-subtokenize@2.1.0", "https://registry.npmmirror.com/micromark-util-subtokenize/-/micromark-util-subtokenize-2.1.0.tgz", { "dependencies": { "devlop": "^1.0.0", "micromark-util-chunked": "^2.0.0", "micromark-util-symbol": "^2.0.0", "micromark-util-types": "^2.0.0" } }, "sha512-XQLu552iSctvnEcgXw6+Sx75GflAPNED1qx7eBJ+wydBb2KCbRZe+NwvIEEMM83uml1+2WSXpBAcp9IUCgCYWA=="],

    "micromark-util-symbol": ["micromark-util-symbol@2.0.1", "https://registry.npmmirror.com/micromark-util-symbol/-/micromark-util-symbol-2.0.1.tgz", {}, "sha512-vs5t8Apaud9N28kgCrRUdEed4UJ+wWNvicHLPxCa9ENlYuAY31M0ETy5y1vA33YoNPDFTghEbnh6efaE8h4x0Q=="],

    "micromark-util-types": ["micromark-util-types@2.0.2", "https://registry.npmmirror.com/micromark-util-types/-/micromark-util-types-2.0.2.tgz", {}, "sha512-Yw0ECSpJoViF1qTU4DC6NwtC4aWGt1EkzaQB8KPPyCRR8z9TWeV0HbEFGTO+ZY1wB22zmxnJqhPyTpOVCpeHTA=="],

    "minimatch": ["minimatch@10.2.5", "https://registry.npmmirror.com/minimatch/-/minimatch-10.2.5.tgz", { "dependencies": { "brace-expansion": "^5.0.5" } }, "sha512-MULkVLfKGYDFYejP07QOurDLLQpcjk7Fw+7jXS2R2czRQzR56yHRveU5NDJEOviH+hETZKSkIk5c+T23GjFUMg=="],

    "minipass": ["minipass@7.1.3", "https://registry.npmmirror.com/minipass/-/minipass-7.1.3.tgz", {}, "sha512-tEBHqDnIoM/1rXME1zgka9g6Q2lcoCkxHLuc7ODJ5BxbP5d4c2Z5cGgtXAku59200Cx7diuHTOYfSBD8n6mm8A=="],

    "ms": ["ms@2.1.3", "https://registry.npmmirror.com/ms/-/ms-2.1.3.tgz", {}, "sha512-6FlzubTLZG3J2a/NVCAleEhjzq5oxgHyaCU9yYXvcLsvoVaHJq/s5xXI6/XXP6tz7R9xAOtHnSO/tXtF3WRTlA=="],

    "nanoid": ["nanoid@3.3.15", "https://registry.npmmirror.com/nanoid/-/nanoid-3.3.15.tgz", { "bin": { "nanoid": "bin/nanoid.cjs" } }, "sha512-y7Wygv/7mEOvxTuEQDB8StXdMRBWf1kR/tlhAzBRUFkB2jfcLOAxO/SHmOO2zgz1pVgK29/kyupn059/bCHdjA=="],

    "nth-check": ["nth-check@2.1.1", "https://registry.npmmirror.com/nth-check/-/nth-check-2.1.1.tgz", { "dependencies": { "boolbase": "^1.0.0" } }, "sha512-lqjrjmaOoAnWfMmBPL+XNnynZh2+swxiX3WUE0s4yEHI6m+AwrK2UZOimIRl3X/4QctVqS8AiZjFqyOGrMXb/w=="],

    "oniguruma-parser": ["oniguruma-parser@0.12.2", "https://registry.npmmirror.com/oniguruma-parser/-/oniguruma-parser-0.12.2.tgz", {}, "sha512-6HVa5oIrgMC6aA6WF6XyyqbhRPJrKR02L20+2+zpDtO5QAzGHAUGw5TKQvwi5vctNnRHkJYmjAhRVQF2EKdTQw=="],

    "oniguruma-to-es": ["oniguruma-to-es@4.3.6", "https://registry.npmmirror.com/oniguruma-to-es/-/oniguruma-to-es-4.3.6.tgz", { "dependencies": { "oniguruma-parser": "^0.12.2", "regex": "^6.1.0", "regex-recursion": "^6.0.2" } }, "sha512-csuQ9x3Yr0cEIs/Zgx/OEt9iBw9vqIunAPQkx19R/fiMq2oGVTgcMqO/V3Ybqefr1TBvosI6jU539ksaBULJyA=="],

    "path-scurry": ["path-scurry@2.0.2", "https://registry.npmmirror.com/path-scurry/-/path-scurry-2.0.2.tgz", { "dependencies": { "lru-cache": "^11.0.0", "minipass": "^7.1.2" } }, "sha512-3O/iVVsJAPsOnpwWIeD+d6z/7PmqApyQePUtCndjatj/9I5LylHvt5qluFaBT3I5h3r1ejfR056c+FCv+NnNXg=="],

    "picocolors": ["picocolors@1.1.1", "https://registry.npmmirror.com/picocolors/-/picocolors-1.1.1.tgz", {}, "sha512-xceH2snhtb5M9liqDsmEw56le376mTZkEX/jEb/RxNFyegNul7eNslCXP9FDj/Lcu0X8KEyMceP2ntpaHrDEVA=="],

    "postcss": ["postcss@8.5.15", "https://registry.npmmirror.com/postcss/-/postcss-8.5.15.tgz", { "dependencies": { "nanoid": "^3.3.12", "picocolors": "^1.1.1", "source-map-js": "^1.2.1" } }, "sha512-FfR8sjd4em2T6fb3I2MwAJU7HWVMr9zba+enmQeeWFfCbm+UOC/0X4DS8XtpUTMwWMGbjKYP7xjfNekzyGmB3A=="],

    "postcss-nested": ["postcss-nested@6.2.0", "https://registry.npmmirror.com/postcss-nested/-/postcss-nested-6.2.0.tgz", { "dependencies": { "postcss-selector-parser": "^6.1.1" }, "peerDependencies": { "postcss": "^8.2.14" } }, "sha512-HQbt28KulC5AJzG+cZtj9kvKB93CFCdLvog1WFLf1D+xmMvPGlBstkpTEZfK5+AN9hfJocyBFCNiqyS48bpgzQ=="],

    "postcss-selector-parser": ["postcss-selector-parser@6.1.4", "https://registry.npmmirror.com/postcss-selector-parser/-/postcss-selector-parser-6.1.4.tgz", { "dependencies": { "cssesc": "^3.0.0", "util-deprecate": "^1.0.2" } }, "sha512-bIoJLOmjCO1S9XdY/DcnR5hJxvrDir1PbGChrzXG3vw0/FOliy/fA3dmdhQ441kah4gKv+TwckGzex6wNS5cnQ=="],

    "property-information": ["property-information@7.2.0", "https://registry.npmmirror.com/property-information/-/property-information-7.2.0.tgz", {}, "sha512-IAtzIB6sUiWaJYrX9smp3V46pBGbBeLFRGdh25kg1334VcBlD8HzhPeNIWQH9zhGmo2itIe25EHt9dQP7G5hmg=="],

    "regex": ["regex@6.1.0", "https://registry.npmmirror.com/regex/-/regex-6.1.0.tgz", { "dependencies": { "regex-utilities": "^2.3.0" } }, "sha512-6VwtthbV4o/7+OaAF9I5L5V3llLEsoPyq9P1JVXkedTP33c7MfCG0/5NOPcSJn0TzXcG9YUrR0gQSWioew3LDg=="],

    "regex-recursion": ["regex-recursion@6.0.2", "https://registry.npmmirror.com/regex-recursion/-/regex-recursion-6.0.2.tgz", { "dependencies": { "regex-utilities": "^2.3.0" } }, "sha512-0YCaSCq2VRIebiaUviZNs0cBz1kg5kVS2UKUfNIx8YVs1cN3AV7NTctO5FOKBA+UT2BPJIWZauYHPqJODG50cg=="],

    "regex-utilities": ["regex-utilities@2.3.0", "https://registry.npmmirror.com/regex-utilities/-/regex-utilities-2.3.0.tgz", {}, "sha512-8VhliFJAWRaUiVvREIiW2NXXTmHs4vMNnSzuJVhscgmGav3g9VDxLrQndI3dZZVVdp0ZO/5v0xmX516/7M9cng=="],

    "rehype-expressive-code": ["rehype-expressive-code@0.42.0", "https://registry.npmmirror.com/rehype-expressive-code/-/rehype-expressive-code-0.42.0.tgz", { "dependencies": { "expressive-code": "^0.42.0" } }, "sha512-8rp/1YMEVVSYbtz+bFBx+uSx3vA4i4T8RwRm5Q/IWbucQnnQqQ0hDqtmKOr8tv+59Cik6cu5aH3WPo0I7csuTA=="],

    "remark-parse": ["remark-parse@11.0.0", "https://registry.npmmirror.com/remark-parse/-/remark-parse-11.0.0.tgz", { "dependencies": { "@types/mdast": "^4.0.0", "mdast-util-from-markdown": "^2.0.0", "micromark-util-types": "^2.0.0", "unified": "^11.0.0" } }, "sha512-FCxlKLNGknS5ba/1lmpYijMUzX2esxW5xQqjWxw2eHFfS2MSdaHVINFmhjo+qN1WhZhNimq0dZATN9pH0IDrpA=="],

    "remark-rehype": ["remark-rehype@11.1.2", "https://registry.npmmirror.com/remark-rehype/-/remark-rehype-11.1.2.tgz", { "dependencies": { "@types/hast": "^3.0.0", "@types/mdast": "^4.0.0", "mdast-util-to-hast": "^13.0.0", "unified": "^11.0.0", "vfile": "^6.0.0" } }, "sha512-Dh7l57ianaEoIpzbp0PC9UKAdCSVklD8E5Rpw7ETfbTl3FqcOOgq5q2LVDhgGCkaBv7p24JXikPdvhhmHvKMsw=="],

    "shiki": ["shiki@4.2.0", "https://registry.npmmirror.com/shiki/-/shiki-4.2.0.tgz", { "dependencies": { "@shikijs/core": "4.2.0", "@shikijs/engine-javascript": "4.2.0", "@shikijs/engine-oniguruma": "4.2.0", "@shikijs/langs": "4.2.0", "@shikijs/themes": "4.2.0", "@shikijs/types": "4.2.0", "@shikijs/vscode-textmate": "^10.0.2", "@types/hast": "^3.0.4" } }, "sha512-hjNax6o/ylDy9lefQEaSDtzaT3iVNtZ3WmpQnbuQNoG4xvnSKf2kSKbihZVO4JRG1TTMejs7CmNRYlWgAL66pQ=="],

    "simple-icons": ["simple-icons@16.24.0", "https://registry.npmmirror.com/simple-icons/-/simple-icons-16.24.0.tgz", {}, "sha512-lAPW1rqgwPQ4tdIY15TtcKSgSelvJexz8q/B+a7Igg1dJoXR0LPjScLkLMI8UbLSkS41/fLVZWIhsH7HPUwAgQ=="],

    "source-map-js": ["source-map-js@1.2.1", "https://registry.npmmirror.com/source-map-js/-/source-map-js-1.2.1.tgz", {}, "sha512-UXWMKhLOwVKb728IUtQPXxfYU+usdybtUrK/8uGE8CQMvrhOpwvzDBwj0QhSL7MQc7vIsISBG8VQ8+IDQxpfQA=="],

    "space-separated-tokens": ["space-separated-tokens@2.0.2", "https://registry.npmmirror.com/space-separated-tokens/-/space-separated-tokens-2.0.2.tgz", {}, "sha512-PEGlAwrG8yXGXRjW32fGbg66JAlOAwbObuqVoJpv/mRgoWDQfgH1wDPvtzWyUSNAXBGSk8h755YDbbcEy3SH2Q=="],

    "stringify-entities": ["stringify-entities@4.0.4", "https://registry.npmmirror.com/stringify-entities/-/stringify-entities-4.0.4.tgz", { "dependencies": { "character-entities-html4": "^2.0.0", "character-entities-legacy": "^3.0.0" } }, "sha512-IwfBptatlO+QCJUo19AqvrPNqlVMpW9YEL2LIVY+Rpv2qsjCGxaDLNRgeGsQWJhfItebuJhsGSLjaBbNSQ+ieg=="],

    "trim-lines": ["trim-lines@3.0.1", "https://registry.npmmirror.com/trim-lines/-/trim-lines-3.0.1.tgz", {}, "sha512-kRj8B+YHZCc9kQYdWfJB2/oUl9rA99qbowYYBtr4ui4mZyAQ2JpvVBd/6U2YloATfqBhBTSMhTpgBHtU0Mf3Rg=="],

    "trough": ["trough@2.2.0", "https://registry.npmmirror.com/trough/-/trough-2.2.0.tgz", {}, "sha512-tmMpK00BjZiUyVyvrBK7knerNgmgvcV/KLVyuma/SC+TQN167GrMRciANTz09+k3zW8L8t60jWO1GpfkZdjTaw=="],

    "unified": ["unified@11.0.5", "https://registry.npmmirror.com/unified/-/unified-11.0.5.tgz", { "dependencies": { "@types/unist": "^3.0.0", "bail": "^2.0.0", "devlop": "^1.0.0", "extend": "^3.0.0", "is-plain-obj": "^4.0.0", "trough": "^2.0.0", "vfile": "^6.0.0" } }, "sha512-xKvGhPWw3k84Qjh8bI3ZeJjqnyadK+GEFtazSfZv/rKeTkTjOJho6mFqh2SM96iIcZokxiOpg78GazTSg8+KHA=="],

    "unist-util-find-after": ["unist-util-find-after@5.0.0", "https://registry.npmmirror.com/unist-util-find-after/-/unist-util-find-after-5.0.0.tgz", { "dependencies": { "@types/unist": "^3.0.0", "unist-util-is": "^6.0.0" } }, "sha512-amQa0Ep2m6hE2g72AugUItjbuM8X8cGQnFoHk0pGfrFeT9GZhzN5SW8nRsiGKK7Aif4CrACPENkA6P/Lw6fHGQ=="],

    "unist-util-is": ["unist-util-is@6.0.1", "https://registry.npmmirror.com/unist-util-is/-/unist-util-is-6.0.1.tgz", { "dependencies": { "@types/unist": "^3.0.0" } }, "sha512-LsiILbtBETkDz8I9p1dQ0uyRUWuaQzd/cuEeS1hoRSyW5E5XGmTzlwY1OrNzzakGowI9Dr/I8HVaw4hTtnxy8g=="],

    "unist-util-position": ["unist-util-position@5.0.0", "https://registry.npmmirror.com/unist-util-position/-/unist-util-position-5.0.0.tgz", { "dependencies": { "@types/unist": "^3.0.0" } }, "sha512-fucsC7HjXvkB5R3kTCO7kUjRdrS0BJt3M/FPxmHMBOm8JQi2BsHAHFsy27E0EolP8rp0NzXsJ+jNPyDWvOJZPA=="],

    "unist-util-stringify-position": ["unist-util-stringify-position@4.0.0", "https://registry.npmmirror.com/unist-util-stringify-position/-/unist-util-stringify-position-4.0.0.tgz", { "dependencies": { "@types/unist": "^3.0.0" } }, "sha512-0ASV06AAoKCDkS2+xw5RXJywruurpbC4JZSm7nr7MOt1ojAzvyyaO+UxZf18j8FCF6kmzCZKcAgN/yu2gm2XgQ=="],

    "unist-util-visit": ["unist-util-visit@5.1.0", "https://registry.npmmirror.com/unist-util-visit/-/unist-util-visit-5.1.0.tgz", { "dependencies": { "@types/unist": "^3.0.0", "unist-util-is": "^6.0.0", "unist-util-visit-parents": "^6.0.0" } }, "sha512-m+vIdyeCOpdr/QeQCu2EzxX/ohgS8KbnPDgFni4dQsfSCtpz8UqDyY5GjRru8PDKuYn7Fq19j1CQ+nJSsGKOzg=="],

    "unist-util-visit-parents": ["unist-util-visit-parents@6.0.2", "https://registry.npmmirror.com/unist-util-visit-parents/-/unist-util-visit-parents-6.0.2.tgz", { "dependencies": { "@types/unist": "^3.0.0", "unist-util-is": "^6.0.0" } }, "sha512-goh1s1TBrqSqukSc8wrjwWhL0hiJxgA8m4kFxGlQ+8FYQ3C/m11FcTs4YYem7V664AhHVvgoQLk890Ssdsr2IQ=="],

    "util-deprecate": ["util-deprecate@1.0.2", "https://registry.npmmirror.com/util-deprecate/-/util-deprecate-1.0.2.tgz", {}, "sha512-EPD5q1uXyFxJpCrLnCc1nHnq3gOa6DZBocAIiI2TaSCA7VCJ1UJDMagCzIkXNsUYfD1daK//LTEQ8xiIbrHtcw=="],

    "vfile": ["vfile@6.0.3", "https://registry.npmmirror.com/vfile/-/vfile-6.0.3.tgz", { "dependencies": { "@types/unist": "^3.0.0", "vfile-message": "^4.0.0" } }, "sha512-KzIbH/9tXat2u30jf+smMwFCsno4wHVdNmzFyL+T/L3UGqqk6JKfVqOFOZEpZSHADH1k40ab6NUIXZq422ov3Q=="],

    "vfile-message": ["vfile-message@4.0.3", "https://registry.npmmirror.com/vfile-message/-/vfile-message-4.0.3.tgz", { "dependencies": { "@types/unist": "^3.0.0", "unist-util-stringify-position": "^4.0.0" } }, "sha512-QTHzsGd1EhbZs4AsQ20JX1rC3cOlt/IWJruk893DfLRr57lcnOeMaWG4K0JrRta4mIJZKth2Au3mM3u03/JWKw=="],

    "zwitch": ["zwitch@2.0.4", "https://registry.npmmirror.com/zwitch/-/zwitch-2.0.4.tgz", {}, "sha512-bXE4cR/kVZhKZX/RjPEflHaKVhUVl85noU3v6b8apfQEc1x4A+zBxjZ4lN8LqGd6WZ3dl98pY4o717VFmoPp+A=="],

    "@shikijs/core/@shikijs/types": ["@shikijs/types@4.2.0", "https://registry.npmmirror.com/@shikijs/types/-/types-4.2.0.tgz", { "dependencies": { "@shikijs/vscode-textmate": "^10.0.2", "@types/hast": "^3.0.4" } }, "sha512-VT/MKtlpOhEPZloSH3Pb9WCZEBDoQVMa9jedp5UAwmJOar1DVc9DRODAxmYPW9M93IK4ryuqRejFfmlvlVDemw=="],

    "@shikijs/engine-javascript/@shikijs/types": ["@shikijs/types@4.2.0", "https://registry.npmmirror.com/@shikijs/types/-/types-4.2.0.tgz", { "dependencies": { "@shikijs/vscode-textmate": "^10.0.2", "@types/hast": "^3.0.4" } }, "sha512-VT/MKtlpOhEPZloSH3Pb9WCZEBDoQVMa9jedp5UAwmJOar1DVc9DRODAxmYPW9M93IK4ryuqRejFfmlvlVDemw=="],

    "@shikijs/engine-oniguruma/@shikijs/types": ["@shikijs/types@4.2.0", "https://registry.npmmirror.com/@shikijs/types/-/types-4.2.0.tgz", { "dependencies": { "@shikijs/vscode-textmate": "^10.0.2", "@types/hast": "^3.0.4" } }, "sha512-VT/MKtlpOhEPZloSH3Pb9WCZEBDoQVMa9jedp5UAwmJOar1DVc9DRODAxmYPW9M93IK4ryuqRejFfmlvlVDemw=="],

    "@shikijs/langs/@shikijs/types": ["@shikijs/types@4.2.0", "https://registry.npmmirror.com/@shikijs/types/-/types-4.2.0.tgz", { "dependencies": { "@shikijs/vscode-textmate": "^10.0.2", "@types/hast": "^3.0.4" } }, "sha512-VT/MKtlpOhEPZloSH3Pb9WCZEBDoQVMa9jedp5UAwmJOar1DVc9DRODAxmYPW9M93IK4ryuqRejFfmlvlVDemw=="],

    "@shikijs/primitive/@shikijs/types": ["@shikijs/types@4.2.0", "https://registry.npmmirror.com/@shikijs/types/-/types-4.2.0.tgz", { "dependencies": { "@shikijs/vscode-textmate": "^10.0.2", "@types/hast": "^3.0.4" } }, "sha512-VT/MKtlpOhEPZloSH3Pb9WCZEBDoQVMa9jedp5UAwmJOar1DVc9DRODAxmYPW9M93IK4ryuqRejFfmlvlVDemw=="],

    "shiki/@shikijs/themes": ["@shikijs/themes@4.2.0", "https://registry.npmmirror.com/@shikijs/themes/-/themes-4.2.0.tgz", { "dependencies": { "@shikijs/types": "4.2.0" } }, "sha512-RX8IHYeLv8Cu2W6ruc3RxUqWn0IYCqSrMBzi/uRGAmfyDNOnNO5BF/Px7o97n4XTpmFTo5GbRaazuOWj+2ak2w=="],

    "shiki/@shikijs/types": ["@shikijs/types@4.2.0", "https://registry.npmmirror.com/@shikijs/types/-/types-4.2.0.tgz", { "dependencies": { "@shikijs/vscode-textmate": "^10.0.2", "@types/hast": "^3.0.4" } }, "sha512-VT/MKtlpOhEPZloSH3Pb9WCZEBDoQVMa9jedp5UAwmJOar1DVc9DRODAxmYPW9M93IK4ryuqRejFfmlvlVDemw=="],
  }
}
